
Microsoft Visual Studio Solution File, Format Version 11.00
# Visual Studio 2010
Project("{8BC9CEB8-8B4A-11D0-8D11-00A0C91BC942}") = "TP02-C++", "TP02-C++\TP02-C++.vcxproj", "{E0C0CEDD-3BD4-460D-BCF8-FA60D0D4D519}"
EndProject
Global
	GlobalSection(SolutionConfigurationPlatforms) = preSolution
		Debug|Win32 = Debug|Win32
		Release|Win32 = Release|Win32
	EndGlobalSection
	GlobalSection(ProjectConfigurationPlatforms) = postSolution
		{E0C0CEDD-3BD4-460D-BCF8-FA60D0D4D519}.Debug|Win32.ActiveCfg = Debug|Win32
		{E0C0CEDD-3BD4-460D-BCF8-FA60D0D4D519}.Debug|Win32.Build.0 = Debug|Win32
		{E0C0CEDD-3BD4-460D-BCF8-FA60D0D4D519}.Release|Win32.ActiveCfg = Release|Win32
		{E0C0CEDD-3BD4-460D-BCF8-FA60D0D4D519}.Release|Win32.Build.0 = Release|Win32
	EndGlobalSection
	GlobalSection(SolutionProperties) = preSolution
		HideSolutionNode = FALSE
	EndGlobalSection
EndGlobal
